
Microsoft Visual Studio Solution File, Format Version 12.00
# Visual Studio 14
VisualStudioVersion = 14.0.23107.0
MinimumVisualStudioVersion = 10.0.40219.1
Project("{FAE04EC0-301F-11D3-BF4B-00C04F79EFBC}") = "DotNetProjects.PrintEngine", "DotNetProjects.PrintEngine.csproj", "{0B3D76D5-D9F4-4C0E-AFA9-143138EBC74D}"
EndProject
Global
	GlobalSection(SolutionConfigurationPlatforms) = preSolution
		Debug|Any CPU = Debug|Any CPU
		Release|Any CPU = Release|Any CPU
	EndGlobalSection
	GlobalSection(ProjectConfigurationPlatforms) = postSolution
		{0B3D76D5-D9F4-4C0E-AFA9-143138EBC74D}.Debug|Any CPU.ActiveCfg = Debug|Any CPU
		{0B3D76D5-D9F4-4C0E-AFA9-143138EBC74D}.Debug|Any CPU.Build.0 = Debug|Any CPU
		{0B3D76D5-D9F4-4C0E-AFA9-143138EBC74D}.Release|Any CPU.ActiveCfg = Release|Any CPU
		{0B3D76D5-D9F4-4C0E-AFA9-143138EBC74D}.Release|Any CPU.Build.0 = Release|Any CPU
	EndGlobalSection
	GlobalSection(SolutionProperties) = preSolution
		HideSolutionNode = FALSE
	EndGlobalSection
	GlobalSection(ExtensibilityGlobals) = postSolution
		EnterpriseLibraryConfigurationToolBinariesPathV6 = packages\EnterpriseLibrary.Common.6.0.1304.0\lib\NET45
		EnterpriseLibraryConfigurationToolBinariesPath = packages\EnterpriseLibrary.Caching.5.0.505.0\lib\NET35
	EndGlobalSection
EndGlobal
